# THIS IS AN AUTOGENERATED FILE. DO NOT EDIT THIS FILE DIRECTLY.
# yarn lockfile v1


jspdf-autotable@^3.5.25:
  version "3.5.25"
  resolved "https://registry.yarnpkg.com/jspdf-autotable/-/jspdf-autotable-3.5.25.tgz#c87faf474d3b4e3fa158c44b70af5dd07d37a02f"
  integrity sha512-BIbDd/cilRbVm5PmR+ZonolSqRtm0AvZDpTz+rrWed7BnFj5mqF7x7lkxDAMzPudLapktHUk6cxipcvUzal8cg==
